
Microsoft Visual Studio Solution File, Format Version 12.00
# Visual Studio Version 17
VisualStudioVersion = 17.1.32228.430
MinimumVisualStudioVersion = 10.0.40219.1
Project("{FAE04EC0-301F-11D3-BF4B-00C04F79EFBC}") = "Homework2", "Homework2.csproj", "{71FDFAD9-A8AC-4E4A-BEB8-E4A29C297CE2}"
EndProject
Global
	GlobalSection(SolutionConfigurationPlatforms) = preSolution
		Debug|Any CPU = Debug|Any CPU
		Release|Any CPU = Release|Any CPU
	EndGlobalSection
	GlobalSection(ProjectConfigurationPlatforms) = postSolution
		{71FDFAD9-A8AC-4E4A-BEB8-E4A29C297CE2}.Debug|Any CPU.ActiveCfg = Debug|Any CPU
		{71FDFAD9-A8AC-4E4A-BEB8-E4A29C297CE2}.Debug|Any CPU.Build.0 = Debug|Any CPU
		{71FDFAD9-A8AC-4E4A-BEB8-E4A29C297CE2}.Release|Any CPU.ActiveCfg = Release|Any CPU
		{71FDFAD9-A8AC-4E4A-BEB8-E4A29C297CE2}.Release|Any CPU.Build.0 = Release|Any CPU
	EndGlobalSection
	GlobalSection(SolutionProperties) = preSolution
		HideSolutionNode = FALSE
	EndGlobalSection
	GlobalSection(ExtensibilityGlobals) = postSolution
		SolutionGuid = {16502E66-9010-4364-843E-83AF72206749}
	EndGlobalSection
EndGlobal
